
Microsoft Visual Studio Solution File, Format Version 12.00
# Visual Studio Version 17
VisualStudioVersion = 17.4.33403.182
MinimumVisualStudioVersion = 10.0.40219.1
Project("{9A19103F-16F7-4668-BE54-9A1E7A4F7556}") = "Business", "Business\Business.csproj", "{94094822-D08A-402A-BDB3-DC32E90B3A37}"
EndProject
Project("{9A19103F-16F7-4668-BE54-9A1E7A4F7556}") = "DataAccess", "DataAccess\DataAccess.csproj", "{70A52279-AE60-495D-94D3-DE62A3A41CBB}"
EndProject
Project("{9A19103F-16F7-4668-BE54-9A1E7A4F7556}") = "Core", "Core\Core.csproj", "{1933BC83-4A12-484B-B0F6-1DDF7EF51411}"
EndProject
Project("{9A19103F-16F7-4668-BE54-9A1E7A4F7556}") = "ConsoleUI", "ConsoleUI\ConsoleUI.csproj", "{593AC38E-24D7-4B72-B615-A538B07D31AC}"
EndProject
Project("{2150E333-8FDC-42A3-9474-1A3956D46DE8}") = "SolutionItems", "SolutionItems", "{B6BAF310-EA7F-41CE-83BD-3CA0C4F4927F}"
	ProjectSection(SolutionItems) = preProject
		BasicRentalCarDb.sql = BasicRentalCarDb.sql
	EndProjectSection
EndProject
Project("{9A19103F-16F7-4668-BE54-9A1E7A4F7556}") = "WebAPI", "WebAPI\WebAPI.csproj", "{66932BA5-95BA-43EB-9F5A-668A7E9CA919}"
EndProject
Global
	GlobalSection(SolutionConfigurationPlatforms) = preSolution
		Debug|Any CPU = Debug|Any CPU
		Release|Any CPU = Release|Any CPU
	EndGlobalSection
	GlobalSection(ProjectConfigurationPlatforms) = postSolution
		{94094822-D08A-402A-BDB3-DC32E90B3A37}.Debug|Any CPU.ActiveCfg = Debug|Any CPU
		{94094822-D08A-402A-BDB3-DC32E90B3A37}.Debug|Any CPU.Build.0 = Debug|Any CPU
		{94094822-D08A-402A-BDB3-DC32E90B3A37}.Release|Any CPU.ActiveCfg = Release|Any CPU
		{94094822-D08A-402A-BDB3-DC32E90B3A37}.Release|Any CPU.Build.0 = Release|Any CPU
		{70A52279-AE60-495D-94D3-DE62A3A41CBB}.Debug|Any CPU.ActiveCfg = Debug|Any CPU
		{70A52279-AE60-495D-94D3-DE62A3A41CBB}.Debug|Any CPU.Build.0 = Debug|Any CPU
		{70A52279-AE60-495D-94D3-DE62A3A41CBB}.Release|Any CPU.ActiveCfg = Release|Any CPU
		{70A52279-AE60-495D-94D3-DE62A3A41CBB}.Release|Any CPU.Build.0 = Release|Any CPU
		{1933BC83-4A12-484B-B0F6-1DDF7EF51411}.Debug|Any CPU.ActiveCfg = Debug|Any CPU
		{1933BC83-4A12-484B-B0F6-1DDF7EF51411}.Debug|Any CPU.Build.0 = Debug|Any CPU
		{1933BC83-4A12-484B-B0F6-1DDF7EF51411}.Release|Any CPU.ActiveCfg = Release|Any CPU
		{1933BC83-4A12-484B-B0F6-1DDF7EF51411}.Release|Any CPU.Build.0 = Release|Any CPU
		{593AC38E-24D7-4B72-B615-A538B07D31AC}.Debug|Any CPU.ActiveCfg = Debug|Any CPU
		{593AC38E-24D7-4B72-B615-A538B07D31AC}.Debug|Any CPU.Build.0 = Debug|Any CPU
		{593AC38E-24D7-4B72-B615-A538B07D31AC}.Release|Any CPU.ActiveCfg = Release|Any CPU
		{593AC38E-24D7-4B72-B615-A538B07D31AC}.Release|Any CPU.Build.0 = Release|Any CPU
		{66932BA5-95BA-43EB-9F5A-668A7E9CA919}.Debug|Any CPU.ActiveCfg = Debug|Any CPU
		{66932BA5-95BA-43EB-9F5A-668A7E9CA919}.Debug|Any CPU.Build.0 = Debug|Any CPU
		{66932BA5-95BA-43EB-9F5A-668A7E9CA919}.Release|Any CPU.ActiveCfg = Release|Any CPU
		{66932BA5-95BA-43EB-9F5A-668A7E9CA919}.Release|Any CPU.Build.0 = Release|Any CPU
	EndGlobalSection
	GlobalSection(SolutionProperties) = preSolution
		HideSolutionNode = FALSE
	EndGlobalSection
	GlobalSection(ExtensibilityGlobals) = postSolution
		SolutionGuid = {FD68834B-5649-4D4A-8DC6-2E3999BD346E}
	EndGlobalSection
EndGlobal
